# This file is autogenerated, do not edit; changes may be undone by the next 'dep ensure'.


[[projects]]
  branch = "master"
  digest = "1:b5fb39406457e4a78f9b50e24e0f149145789ac7805ad88109c4640bd7b2e541"
  name = "github.com/pborman/getopt"
  packages = ["."]
  pruneopts = "UT"
  revision = "2b5b3bfb099b7da3e2f433966f8ab1d5803e0876"

[[projects]]
  digest = "1:cca8077ff1676299e564a90bcc2836fcee09e6bb4eeb3d83e3be5e4918a9d05e"
  name = "github.com/rapidloop/pgmetrics"
  packages = ["."]
  pruneopts = "UT"
  revision = "e526c836ac9eb2928e65637bcc643b4b4532ebc2"
  version = "v1.5.1"

[solve-meta]
  analyzer-name = "dep"
  analyzer-version = 1
  input-imports = [
    "github.com/pborman/getopt",
    "github.com/rapidloop/pgmetrics",
  ]
  solver-name = "gps-cdcl"
  solver-version = 1
