# This file is autogenerated, do not edit; changes may be undone by the next 'dep ensure'.


[[projects]]
  branch = "master"
  digest = "1:b5fb39406457e4a78f9b50e24e0f149145789ac7805ad88109c4640bd7b2e541"
  name = "github.com/pborman/getopt"
  packages = ["."]
  pruneopts = "UT"
  revision = "2b5b3bfb099b7da3e2f433966f8ab1d5803e0876"

[[projects]]
  digest = "1:0ca8bd8ca157399e35ed6fe2d692bf893ae162c562354b91f9efa9f019fc8284"
  name = "github.com/rapidloop/pgmetrics"
  packages = ["."]
  pruneopts = "UT"
  revision = "61f05fced6569e25ed4bdca6be26638b7ac10d2e"
  version = "v1.4.0"

[solve-meta]
  analyzer-name = "dep"
  analyzer-version = 1
  input-imports = [
    "github.com/pborman/getopt",
    "github.com/rapidloop/pgmetrics",
  ]
  solver-name = "gps-cdcl"
  solver-version = 1
